// !$*UTF8*$!
{
	archiveVersion = 1;
	classes = {
	};
	objectVersion = 50;
	objects = {

/* Begin PBXBuildFile section */
		45F5D3C0C7425D071BAF3D75 /* Pods_Weather.framework in Frameworks */ = {isa = PBXBuildFile; fileRef = 97066281B3DC0ECCA95FCEE7 /* Pods_Weather.framework */; };
		AC5439EC24D9A52D00ACB1B5 /* SearchCityViewModel.swift in Sources */ = {isa = PBXBuildFile; fileRef = AC5439EB24D9A52D00ACB1B5 /* SearchCityViewModel.swift */; };
		AC6A36C021DD39100059EAD3 /* City.swift in Sources */ = {isa = PBXBuildFile; fileRef = AC6A36BF21DD39100059EAD3 /* City.swift */; };
		ACA9FA6221E7CB5C008AD14A /* WeatherResult.swift in Sources */ = {isa = PBXBuildFile; fileRef = ACA9FA6121E7CB5C008AD14A /* WeatherResult.swift */; };
		ACC350FD24CF06A700A1A58D /* WeatherSearchService.swift in Sources */ = {isa = PBXBuildFile; fileRef = ACC350FC24CF06A700A1A58D /* WeatherSearchService.swift */; };
		ACC3510124CF0A1200A1A58D /* WeatherViewModel.swift in Sources */ = {isa = PBXBuildFile; fileRef = ACC3510024CF0A1200A1A58D /* WeatherViewModel.swift */; };
		ACC3510324CF0A9C00A1A58D /* Box.swift in Sources */ = {isa = PBXBuildFile; fileRef = ACC3510224CF0A9C00A1A58D /* Box.swift */; };
		ACF164F421CE3BFB0078DAFF /* WeatherViewController.swift in Sources */ = {isa = PBXBuildFile; fileRef = ACF164F321CE3BFB0078DAFF /* WeatherViewController.swift */; };
		ACF164F621CE3D660078DAFF /* SearchCityViewController.swift in Sources */ = {isa = PBXBuildFile; fileRef = ACF164F521CE3D660078DAFF /* SearchCityViewController.swift */; };
		ACF164F821CE3FA70078DAFF /* MainViewCell.swift in Sources */ = {isa = PBXBuildFile; fileRef = ACF164F721CE3FA70078DAFF /* MainViewCell.swift */; };
		ACF1650421CF13E00078DAFF /* WeatherInfo.swift in Sources */ = {isa = PBXBuildFile; fileRef = ACF1650321CF13E00078DAFF /* WeatherInfo.swift */; };
		ACF1650A21D141810078DAFF /* Main.swift in Sources */ = {isa = PBXBuildFile; fileRef = ACF1650921D141800078DAFF /* Main.swift */; };
		ACF1650D21D180800078DAFF /* Wind.swift in Sources */ = {isa = PBXBuildFile; fileRef = ACF1650C21D180800078DAFF /* Wind.swift */; };
		ACF1650F21D183200078DAFF /* Weather.swift in Sources */ = {isa = PBXBuildFile; fileRef = ACF1650E21D183200078DAFF /* Weather.swift */; };
		ACF1651121D1866C0078DAFF /* Sys.swift in Sources */ = {isa = PBXBuildFile; fileRef = ACF1651021D1866C0078DAFF /* Sys.swift */; };
		ACF1651321D189BF0078DAFF /* Coord.swift in Sources */ = {isa = PBXBuildFile; fileRef = ACF1651221D189BF0078DAFF /* Coord.swift */; };
		ACF1651521D18C450078DAFF /* Clouds.swift in Sources */ = {isa = PBXBuildFile; fileRef = ACF1651421D18C450078DAFF /* Clouds.swift */; };
		ACF543F321CBB832004F9263 /* AppDelegate.swift in Sources */ = {isa = PBXBuildFile; fileRef = ACF543F221CBB832004F9263 /* AppDelegate.swift */; };
		ACF543F821CBB832004F9263 /* Main.storyboard in Resources */ = {isa = PBXBuildFile; fileRef = ACF543F621CBB832004F9263 /* Main.storyboard */; };
		ACF543FB21CBB832004F9263 /* SelectedCity.xcdatamodeld in Sources */ = {isa = PBXBuildFile; fileRef = ACF543F921CBB832004F9263 /* SelectedCity.xcdatamodeld */; };
		ACF543FD21CBB834004F9263 /* Assets.xcassets in Resources */ = {isa = PBXBuildFile; fileRef = ACF543FC21CBB834004F9263 /* Assets.xcassets */; };
		ACF5440021CBB834004F9263 /* LaunchScreen.storyboard in Resources */ = {isa = PBXBuildFile; fileRef = ACF543FE21CBB834004F9263 /* LaunchScreen.storyboard */; };
/* End PBXBuildFile section */

/* Begin PBXFileReference section */
		35479BC1CEF1D44622E9B673 /* Pods-Weather.debug.xcconfig */ = {isa = PBXFileReference; includeInIndex = 1; lastKnownFileType = text.xcconfig; name = "Pods-Weather.debug.xcconfig"; path = "Pods/Target Support Files/Pods-Weather/Pods-Weather.debug.xcconfig"; sourceTree = "<group>"; };
		4A4ECCACE17DAB48E27E3EF4 /* Pods-Weather.release.xcconfig */ = {isa = PBXFileReference; includeInIndex = 1; lastKnownFileType = text.xcconfig; name = "Pods-Weather.release.xcconfig"; path = "Pods/Target Support Files/Pods-Weather/Pods-Weather.release.xcconfig"; sourceTree = "<group>"; };
		97066281B3DC0ECCA95FCEE7 /* Pods_Weather.framework */ = {isa = PBXFileReference; explicitFileType = wrapper.framework; includeInIndex = 0; path = Pods_Weather.framework; sourceTree = BUILT_PRODUCTS_DIR; };
		AC5439EB24D9A52D00ACB1B5 /* SearchCityViewModel.swift */ = {isa = PBXFileReference; lastKnownFileType = sourcecode.swift; path = SearchCityViewModel.swift; sourceTree = "<group>"; };
		AC6A36BF21DD39100059EAD3 /* City.swift */ = {isa = PBXFileReference; lastKnownFileType = sourcecode.swift; path = City.swift; sourceTree = "<group>"; };
		ACA9FA6121E7CB5C008AD14A /* WeatherResult.swift */ = {isa = PBXFileReference; lastKnownFileType = sourcecode.swift; path = WeatherResult.swift; sourceTree = "<group>"; };
		ACC350FC24CF06A700A1A58D /* WeatherSearchService.swift */ = {isa = PBXFileReference; lastKnownFileType = sourcecode.swift; path = WeatherSearchService.swift; sourceTree = "<group>"; };
		ACC3510024CF0A1200A1A58D /* WeatherViewModel.swift */ = {isa = PBXFileReference; lastKnownFileType = sourcecode.swift; path = WeatherViewModel.swift; sourceTree = "<group>"; };
		ACC3510224CF0A9C00A1A58D /* Box.swift */ = {isa = PBXFileReference; lastKnownFileType = sourcecode.swift; path = Box.swift; sourceTree = "<group>"; };
		ACF164F321CE3BFB0078DAFF /* WeatherViewController.swift */ = {isa = PBXFileReference; lastKnownFileType = sourcecode.swift; path = WeatherViewController.swift; sourceTree = "<group>"; };
		ACF164F521CE3D660078DAFF /* SearchCityViewController.swift */ = {isa = PBXFileReference; lastKnownFileType = sourcecode.swift; path = SearchCityViewController.swift; sourceTree = "<group>"; };
		ACF164F721CE3FA70078DAFF /* MainViewCell.swift */ = {isa = PBXFileReference; lastKnownFileType = sourcecode.swift; path = MainViewCell.swift; sourceTree = "<group>"; };
		ACF1650321CF13E00078DAFF /* WeatherInfo.swift */ = {isa = PBXFileReference; lastKnownFileType = sourcecode.swift; path = WeatherInfo.swift; sourceTree = "<group>"; };
		ACF1650921D141800078DAFF /* Main.swift */ = {isa = PBXFileReference; lastKnownFileType = sourcecode.swift; path = Main.swift; sourceTree = "<group>"; };
		ACF1650C21D180800078DAFF /* Wind.swift */ = {isa = PBXFileReference; lastKnownFileType = sourcecode.swift; path = Wind.swift; sourceTree = "<group>"; };
		ACF1650E21D183200078DAFF /* Weather.swift */ = {isa = PBXFileReference; lastKnownFileType = sourcecode.swift; path = Weather.swift; sourceTree = "<group>"; };
		ACF1651021D1866C0078DAFF /* Sys.swift */ = {isa = PBXFileReference; lastKnownFileType = sourcecode.swift; path = Sys.swift; sourceTree = "<group>"; };
		ACF1651221D189BF0078DAFF /* Coord.swift */ = {isa = PBXFileReference; lastKnownFileType = sourcecode.swift; path = Coord.swift; sourceTree = "<group>"; };
		ACF1651421D18C450078DAFF /* Clouds.swift */ = {isa = PBXFileReference; lastKnownFileType = sourcecode.swift; path = Clouds.swift; sourceTree = "<group>"; };
		ACF543EF21CBB832004F9263 /* Weather.app */ = {isa = PBXFileReference; explicitFileType = wrapper.application; includeInIndex = 0; path = Weather.app; sourceTree = BUILT_PRODUCTS_DIR; };
		ACF543F221CBB832004F9263 /* AppDelegate.swift */ = {isa = PBXFileReference; lastKnownFileType = sourcecode.swift; path = AppDelegate.swift; sourceTree = "<group>"; };
		ACF543F721CBB832004F9263 /* Base */ = {isa = PBXFileReference; lastKnownFileType = file.storyboard; name = Base; path = Base.lproj/Main.storyboard; sourceTree = "<group>"; };
		ACF543FA21CBB832004F9263 /* Weather.xcdatamodel */ = {isa = PBXFileReference; lastKnownFileType = wrapper.xcdatamodel; path = Weather.xcdatamodel; sourceTree = "<group>"; };
		ACF543FC21CBB834004F9263 /* Assets.xcassets */ = {isa = PBXFileReference; lastKnownFileType = folder.assetcatalog; path = Assets.xcassets; sourceTree = "<group>"; };
		ACF543FF21CBB834004F9263 /* Base */ = {isa = PBXFileReference; lastKnownFileType = file.storyboard; name = Base; path = Base.lproj/LaunchScreen.storyboard; sourceTree = "<group>"; };
		ACF5440121CBB834004F9263 /* Info.plist */ = {isa = PBXFileReference; lastKnownFileType = text.plist.xml; path = Info.plist; sourceTree = "<group>"; };
/* End PBXFileReference section */

/* Begin PBXFrameworksBuildPhase section */
		ACF543EC21CBB832004F9263 /* Frameworks */ = {
			isa = PBXFrameworksBuildPhase;
			buildActionMask = 2147483647;
			files = (
				45F5D3C0C7425D071BAF3D75 /* Pods_Weather.framework in Frameworks */,
			);
			runOnlyForDeploymentPostprocessing = 0;
		};
/* End PBXFrameworksBuildPhase section */

/* Begin PBXGroup section */
		11E9BAD152D7057487B56714 /* Frameworks */ = {
			isa = PBXGroup;
			children = (
				97066281B3DC0ECCA95FCEE7 /* Pods_Weather.framework */,
			);
			name = Frameworks;
			sourceTree = "<group>";
		};
		6E33D29B162F7F291181E445 /* Pods */ = {
			isa = PBXGroup;
			children = (
				35479BC1CEF1D44622E9B673 /* Pods-Weather.debug.xcconfig */,
				4A4ECCACE17DAB48E27E3EF4 /* Pods-Weather.release.xcconfig */,
			);
			name = Pods;
			sourceTree = "<group>";
		};
		AC6A36C121DD48390059EAD3 /* City */ = {
			isa = PBXGroup;
			children = (
				AC6A36BF21DD39100059EAD3 /* City.swift */,
			);
			path = City;
			sourceTree = "<group>";
		};
		AC6A36C221DD48460059EAD3 /* Weather */ = {
			isa = PBXGroup;
			children = (
				ACA9FA6121E7CB5C008AD14A /* WeatherResult.swift */,
				ACF1650321CF13E00078DAFF /* WeatherInfo.swift */,
				ACF1651221D189BF0078DAFF /* Coord.swift */,
				ACF1651021D1866C0078DAFF /* Sys.swift */,
				ACF1650C21D180800078DAFF /* Wind.swift */,
				ACF1650921D141800078DAFF /* Main.swift */,
				ACF1650E21D183200078DAFF /* Weather.swift */,
				ACF1651421D18C450078DAFF /* Clouds.swift */,
			);
			path = Weather;
			sourceTree = "<group>";
		};
		ACE9A48624D72B7700D9E19E /* Views + ViewModels */ = {
			isa = PBXGroup;
			children = (
				ACC3510024CF0A1200A1A58D /* WeatherViewModel.swift */,
				ACF164F321CE3BFB0078DAFF /* WeatherViewController.swift */,
				AC5439EB24D9A52D00ACB1B5 /* SearchCityViewModel.swift */,
				ACF164F521CE3D660078DAFF /* SearchCityViewController.swift */,
				ACF164F721CE3FA70078DAFF /* MainViewCell.swift */,
			);
			path = "Views + ViewModels";
			sourceTree = "<group>";
		};
		ACE9A48724D72BD000D9E19E /* Views */ = {
			isa = PBXGroup;
			children = (
				ACF543F621CBB832004F9263 /* Main.storyboard */,
			);
			path = Views;
			sourceTree = "<group>";
		};
		ACE9A48824D72BF400D9E19E /* Services */ = {
			isa = PBXGroup;
			children = (
				ACC350FC24CF06A700A1A58D /* WeatherSearchService.swift */,
			);
			path = Services;
			sourceTree = "<group>";
		};
		ACE9A48924D72C0600D9E19E /* Utilities */ = {
			isa = PBXGroup;
			children = (
				ACC3510224CF0A9C00A1A58D /* Box.swift */,
			);
			path = Utilities;
			sourceTree = "<group>";
		};
		ACF1650B21D175F70078DAFF /* Models */ = {
			isa = PBXGroup;
			children = (
				AC6A36C221DD48460059EAD3 /* Weather */,
				AC6A36C121DD48390059EAD3 /* City */,
			);
			path = Models;
			sourceTree = "<group>";
		};
		ACF543E621CBB832004F9263 = {
			isa = PBXGroup;
			children = (
				ACF543F121CBB832004F9263 /* Weather */,
				ACF543F021CBB832004F9263 /* Products */,
				6E33D29B162F7F291181E445 /* Pods */,
				11E9BAD152D7057487B56714 /* Frameworks */,
			);
			sourceTree = "<group>";
		};
		ACF543F021CBB832004F9263 /* Products */ = {
			isa = PBXGroup;
			children = (
				ACF543EF21CBB832004F9263 /* Weather.app */,
			);
			name = Products;
			sourceTree = "<group>";
		};
		ACF543F121CBB832004F9263 /* Weather */ = {
			isa = PBXGroup;
			children = (
				ACF1650B21D175F70078DAFF /* Models */,
				ACE9A48624D72B7700D9E19E /* Views + ViewModels */,
				ACF543F221CBB832004F9263 /* AppDelegate.swift */,
				ACE9A48724D72BD000D9E19E /* Views */,
				ACE9A48824D72BF400D9E19E /* Services */,
				ACE9A48924D72C0600D9E19E /* Utilities */,
				ACF543FC21CBB834004F9263 /* Assets.xcassets */,
				ACF543FE21CBB834004F9263 /* LaunchScreen.storyboard */,
				ACF5440121CBB834004F9263 /* Info.plist */,
				ACF543F921CBB832004F9263 /* SelectedCity.xcdatamodeld */,
			);
			path = Weather;
			sourceTree = "<group>";
		};
/* End PBXGroup section */

/* Begin PBXNativeTarget section */
		ACF543EE21CBB832004F9263 /* Weather */ = {
			isa = PBXNativeTarget;
			buildConfigurationList = ACF5440421CBB834004F9263 /* Build configuration list for PBXNativeTarget "Weather" */;
			buildPhases = (
				DBD9B5CB0AF0ACE174F21715 /* [CP] Check Pods Manifest.lock */,
				ACF543EB21CBB832004F9263 /* Sources */,
				ACF543EC21CBB832004F9263 /* Frameworks */,
				ACF543ED21CBB832004F9263 /* Resources */,
				6AF20C6F9C686E95240A7E61 /* [CP] Embed Pods Frameworks */,
			);
			buildRules = (
			);
			dependencies = (
			);
			name = Weather;
			productName = Weather;
			productReference = ACF543EF21CBB832004F9263 /* Weather.app */;
			productType = "com.apple.product-type.application";
		};
/* End PBXNativeTarget section */

/* Begin PBXProject section */
		ACF543E721CBB832004F9263 /* Project object */ = {
			isa = PBXProject;
			attributes = {
				LastSwiftUpdateCheck = 1010;
				LastUpgradeCheck = 1010;
				ORGANIZATIONNAME = "Two Berliners";
				TargetAttributes = {
					ACF543EE21CBB832004F9263 = {
						CreatedOnToolsVersion = 10.1;
					};
				};
			};
			buildConfigurationList = ACF543EA21CBB832004F9263 /* Build configuration list for PBXProject "Weather" */;
			compatibilityVersion = "Xcode 9.3";
			developmentRegion = en;
			hasScannedForEncodings = 0;
			knownRegions = (
				en,
				Base,
			);
			mainGroup = ACF543E621CBB832004F9263;
			productRefGroup = ACF543F021CBB832004F9263 /* Products */;
			projectDirPath = "";
			projectRoot = "";
			targets = (
				ACF543EE21CBB832004F9263 /* Weather */,
			);
		};
/* End PBXProject section */

/* Begin PBXResourcesBuildPhase section */
		ACF543ED21CBB832004F9263 /* Resources */ = {
			isa = PBXResourcesBuildPhase;
			buildActionMask = 2147483647;
			files = (
				ACF5440021CBB834004F9263 /* LaunchScreen.storyboard in Resources */,
				ACF543FD21CBB834004F9263 /* Assets.xcassets in Resources */,
				ACF543F821CBB832004F9263 /* Main.storyboard in Resources */,
			);
			runOnlyForDeploymentPostprocessing = 0;
		};
/* End PBXResourcesBuildPhase section */

/* Begin PBXShellScriptBuildPhase section */
		6AF20C6F9C686E95240A7E61 /* [CP] Embed Pods Frameworks */ = {
			isa = PBXShellScriptBuildPhase;
			buildActionMask = 2147483647;
			files = (
			);
			inputFileListPaths = (
				"${PODS_ROOT}/Target Support Files/Pods-Weather/Pods-Weather-frameworks-${CONFIGURATION}-input-files.xcfilelist",
			);
			name = "[CP] Embed Pods Frameworks";
			outputFileListPaths = (
				"${PODS_ROOT}/Target Support Files/Pods-Weather/Pods-Weather-frameworks-${CONFIGURATION}-output-files.xcfilelist",
			);
			runOnlyForDeploymentPostprocessing = 0;
			shellPath = /bin/sh;
			shellScript = "\"${PODS_ROOT}/Target Support Files/Pods-Weather/Pods-Weather-frameworks.sh\"\n";
			showEnvVarsInLog = 0;
		};
		DBD9B5CB0AF0ACE174F21715 /* [CP] Check Pods Manifest.lock */ = {
			isa = PBXShellScriptBuildPhase;
			buildActionMask = 2147483647;
			files = (
			);
			inputPaths = (
				"${PODS_PODFILE_DIR_PATH}/Podfile.lock",
				"${PODS_ROOT}/Manifest.lock",
			);
			name = "[CP] Check Pods Manifest.lock";
			outputPaths = (
				"$(DERIVED_FILE_DIR)/Pods-Weather-checkManifestLockResult.txt",
			);
			runOnlyForDeploymentPostprocessing = 0;
			shellPath = /bin/sh;
			shellScript = "diff \"${PODS_PODFILE_DIR_PATH}/Podfile.lock\" \"${PODS_ROOT}/Manifest.lock\" > /dev/null\nif [ $? != 0 ] ; then\n    # print error to STDERR\n    echo \"error: The sandbox is not in sync with the Podfile.lock. Run 'pod install' or update your CocoaPods installation.\" >&2\n    exit 1\nfi\n# This output is used by Xcode 'outputs' to avoid re-running this script phase.\necho \"SUCCESS\" > \"${SCRIPT_OUTPUT_FILE_0}\"\n";
			showEnvVarsInLog = 0;
		};
/* End PBXShellScriptBuildPhase section */

/* Begin PBXSourcesBuildPhase section */
		ACF543EB21CBB832004F9263 /* Sources */ = {
			isa = PBXSourcesBuildPhase;
			buildActionMask = 2147483647;
			files = (
				ACF1650421CF13E00078DAFF /* WeatherInfo.swift in Sources */,
				ACA9FA6221E7CB5C008AD14A /* WeatherResult.swift in Sources */,
				ACF1650D21D180800078DAFF /* Wind.swift in Sources */,
				ACF543FB21CBB832004F9263 /* SelectedCity.xcdatamodeld in Sources */,
				ACF1650F21D183200078DAFF /* Weather.swift in Sources */,
				ACF1650A21D141810078DAFF /* Main.swift in Sources */,
				ACF164F821CE3FA70078DAFF /* MainViewCell.swift in Sources */,
				ACF164F621CE3D660078DAFF /* SearchCityViewController.swift in Sources */,
				ACF543F321CBB832004F9263 /* AppDelegate.swift in Sources */,
				ACF164F421CE3BFB0078DAFF /* WeatherViewController.swift in Sources */,
				ACF1651521D18C450078DAFF /* Clouds.swift in Sources */,
				AC5439EC24D9A52D00ACB1B5 /* SearchCityViewModel.swift in Sources */,
				ACF1651121D1866C0078DAFF /* Sys.swift in Sources */,
				AC6A36C021DD39100059EAD3 /* City.swift in Sources */,
				ACC3510324CF0A9C00A1A58D /* Box.swift in Sources */,
				ACC3510124CF0A1200A1A58D /* WeatherViewModel.swift in Sources */,
				ACC350FD24CF06A700A1A58D /* WeatherSearchService.swift in Sources */,
				ACF1651321D189BF0078DAFF /* Coord.swift in Sources */,
			);
			runOnlyForDeploymentPostprocessing = 0;
		};
/* End PBXSourcesBuildPhase section */

/* Begin PBXVariantGroup section */
		ACF543F621CBB832004F9263 /* Main.storyboard */ = {
			isa = PBXVariantGroup;
			children = (
				ACF543F721CBB832004F9263 /* Base */,
			);
			name = Main.storyboard;
			sourceTree = "<group>";
		};
		ACF543FE21CBB834004F9263 /* LaunchScreen.storyboard */ = {
			isa = PBXVariantGroup;
			children = (
				ACF543FF21CBB834004F9263 /* Base */,
			);
			name = LaunchScreen.storyboard;
			sourceTree = "<group>";
		};
/* End PBXVariantGroup section */

/* Begin XCBuildConfiguration section */
		ACF5440221CBB834004F9263 /* Debug */ = {
			isa = XCBuildConfiguration;
			buildSettings = {
				ALWAYS_SEARCH_USER_PATHS = NO;
				CLANG_ANALYZER_NONNULL = YES;
				CLANG_ANALYZER_NUMBER_OBJECT_CONVERSION = YES_AGGRESSIVE;
				CLANG_CXX_LANGUAGE_STANDARD = "gnu++14";
				CLANG_CXX_LIBRARY = "libc++";
				CLANG_ENABLE_MODULES = YES;
				CLANG_ENABLE_OBJC_ARC = YES;
				CLANG_ENABLE_OBJC_WEAK = YES;
				CLANG_WARN_BLOCK_CAPTURE_AUTORELEASING = YES;
				CLANG_WARN_BOOL_CONVERSION = YES;
				CLANG_WARN_COMMA = YES;
				CLANG_WARN_CONSTANT_CONVERSION = YES;
				CLANG_WARN_DEPRECATED_OBJC_IMPLEMENTATIONS = YES;
				CLANG_WARN_DIRECT_OBJC_ISA_USAGE = YES_ERROR;
				CLANG_WARN_DOCUMENTATION_COMMENTS = YES;
				CLANG_WARN_EMPTY_BODY = YES;
				CLANG_WARN_ENUM_CONVERSION = YES;
				CLANG_WARN_INFINITE_RECURSION = YES;
				CLANG_WARN_INT_CONVERSION = YES;
				CLANG_WARN_NON_LITERAL_NULL_CONVERSION = YES;
				CLANG_WARN_OBJC_IMPLICIT_RETAIN_SELF = YES;
				CLANG_WARN_OBJC_LITERAL_CONVERSION = YES;
				CLANG_WARN_OBJC_ROOT_CLASS = YES_ERROR;
				CLANG_WARN_RANGE_LOOP_ANALYSIS = YES;
				CLANG_WARN_STRICT_PROTOTYPES = YES;
				CLANG_WARN_SUSPICIOUS_MOVE = YES;
				CLANG_WARN_UNGUARDED_AVAILABILITY = YES_AGGRESSIVE;
				CLANG_WARN_UNREACHABLE_CODE = YES;
				CLANG_WARN__DUPLICATE_METHOD_MATCH = YES;
				CODE_SIGN_IDENTITY = "iPhone Developer";
				COPY_PHASE_STRIP = NO;
				DEBUG_INFORMATION_FORMAT = dwarf;
				ENABLE_STRICT_OBJC_MSGSEND = YES;
				ENABLE_TESTABILITY = YES;
				GCC_C_LANGUAGE_STANDARD = gnu11;
				GCC_DYNAMIC_NO_PIC = NO;
				GCC_NO_COMMON_BLOCKS = YES;
				GCC_OPTIMIZATION_LEVEL = 0;
				GCC_PREPROCESSOR_DEFINITIONS = (
					"DEBUG=1",
					"$(inherited)",
				);
				GCC_WARN_64_TO_32_BIT_CONVERSION = YES;
				GCC_WARN_ABOUT_RETURN_TYPE = YES_ERROR;
				GCC_WARN_UNDECLARED_SELECTOR = YES;
				GCC_WARN_UNINITIALIZED_AUTOS = YES_AGGRESSIVE;
				GCC_WARN_UNUSED_FUNCTION = YES;
				GCC_WARN_UNUSED_VARIABLE = YES;
				IPHONEOS_DEPLOYMENT_TARGET = 12.1;
				MTL_ENABLE_DEBUG_INFO = INCLUDE_SOURCE;
				MTL_FAST_MATH = YES;
				ONLY_ACTIVE_ARCH = YES;
				SDKROOT = iphoneos;
				SWIFT_ACTIVE_COMPILATION_CONDITIONS = DEBUG;
				SWIFT_OPTIMIZATION_LEVEL = "-Onone";
			};
			name = Debug;
		};
		ACF5440321CBB834004F9263 /* Release */ = {
			isa = XCBuildConfiguration;
			buildSettings = {
				ALWAYS_SEARCH_USER_PATHS = NO;
				CLANG_ANALYZER_NONNULL = YES;
				CLANG_ANALYZER_NUMBER_OBJECT_CONVERSION = YES_AGGRESSIVE;
				CLANG_CXX_LANGUAGE_STANDARD = "gnu++14";
				CLANG_CXX_LIBRARY = "libc++";
				CLANG_ENABLE_MODULES = YES;
				CLANG_ENABLE_OBJC_ARC = YES;
				CLANG_ENABLE_OBJC_WEAK = YES;
				CLANG_WARN_BLOCK_CAPTURE_AUTORELEASING = YES;
				CLANG_WARN_BOOL_CONVERSION = YES;
				CLANG_WARN_COMMA = YES;
				CLANG_WARN_CONSTANT_CONVERSION = YES;
				CLANG_WARN_DEPRECATED_OBJC_IMPLEMENTATIONS = YES;
				CLANG_WARN_DIRECT_OBJC_ISA_USAGE = YES_ERROR;
				CLANG_WARN_DOCUMENTATION_COMMENTS = YES;
				CLANG_WARN_EMPTY_BODY = YES;
				CLANG_WARN_ENUM_CONVERSION = YES;
				CLANG_WARN_INFINITE_RECURSION = YES;
				CLANG_WARN_INT_CONVERSION = YES;
				CLANG_WARN_NON_LITERAL_NULL_CONVERSION = YES;
				CLANG_WARN_OBJC_IMPLICIT_RETAIN_SELF = YES;
				CLANG_WARN_OBJC_LITERAL_CONVERSION = YES;
				CLANG_WARN_OBJC_ROOT_CLASS = YES_ERROR;
				CLANG_WARN_RANGE_LOOP_ANALYSIS = YES;
				CLANG_WARN_STRICT_PROTOTYPES = YES;
				CLANG_WARN_SUSPICIOUS_MOVE = YES;
				CLANG_WARN_UNGUARDED_AVAILABILITY = YES_AGGRESSIVE;
				CLANG_WARN_UNREACHABLE_CODE = YES;
				CLANG_WARN__DUPLICATE_METHOD_MATCH = YES;
				CODE_SIGN_IDENTITY = "iPhone Developer";
				COPY_PHASE_STRIP = NO;
				DEBUG_INFORMATION_FORMAT = "dwarf-with-dsym";
				ENABLE_NS_ASSERTIONS = NO;
				ENABLE_STRICT_OBJC_MSGSEND = YES;
				GCC_C_LANGUAGE_STANDARD = gnu11;
				GCC_NO_COMMON_BLOCKS = YES;
				GCC_WARN_64_TO_32_BIT_CONVERSION = YES;
				GCC_WARN_ABOUT_RETURN_TYPE = YES_ERROR;
				GCC_WARN_UNDECLARED_SELECTOR = YES;
				GCC_WARN_UNINITIALIZED_AUTOS = YES_AGGRESSIVE;
				GCC_WARN_UNUSED_FUNCTION = YES;
				GCC_WARN_UNUSED_VARIABLE = YES;
				IPHONEOS_DEPLOYMENT_TARGET = 12.1;
				MTL_ENABLE_DEBUG_INFO = NO;
				MTL_FAST_MATH = YES;
				SDKROOT = iphoneos;
				SWIFT_COMPILATION_MODE = wholemodule;
				SWIFT_OPTIMIZATION_LEVEL = "-O";
				VALIDATE_PRODUCT = YES;
			};
			name = Release;
		};
		ACF5440521CBB834004F9263 /* Debug */ = {
			isa = XCBuildConfiguration;
			baseConfigurationReference = 35479BC1CEF1D44622E9B673 /* Pods-Weather.debug.xcconfig */;
			buildSettings = {
				ASSETCATALOG_COMPILER_APPICON_NAME = AppIcon;
				CODE_SIGN_STYLE = Automatic;
				DEVELOPMENT_TEAM = XZQ827NZWJ;
				INFOPLIST_FILE = Weather/Info.plist;
				LD_RUNPATH_SEARCH_PATHS = (
					"$(inherited)",
					"@executable_path/Frameworks",
				);
				PRODUCT_BUNDLE_IDENTIFIER = berlin.suho.Weather;
				PRODUCT_NAME = "$(TARGET_NAME)";
				SWIFT_VERSION = 4.2;
				TARGETED_DEVICE_FAMILY = "1,2";
			};
			name = Debug;
		};
		ACF5440621CBB834004F9263 /* Release */ = {
			isa = XCBuildConfiguration;
			baseConfigurationReference = 4A4ECCACE17DAB48E27E3EF4 /* Pods-Weather.release.xcconfig */;
			buildSettings = {
				ASSETCATALOG_COMPILER_APPICON_NAME = AppIcon;
				CODE_SIGN_STYLE = Automatic;
				DEVELOPMENT_TEAM = XZQ827NZWJ;
				INFOPLIST_FILE = Weather/Info.plist;
				LD_RUNPATH_SEARCH_PATHS = (
					"$(inherited)",
					"@executable_path/Frameworks",
				);
				PRODUCT_BUNDLE_IDENTIFIER = berlin.suho.Weather;
				PRODUCT_NAME = "$(TARGET_NAME)";
				SWIFT_VERSION = 4.2;
				TARGETED_DEVICE_FAMILY = "1,2";
			};
			name = Release;
		};
/* End XCBuildConfiguration section */

/* Begin XCConfigurationList section */
		ACF543EA21CBB832004F9263 /* Build configuration list for PBXProject "Weather" */ = {
			isa = XCConfigurationList;
			buildConfigurations = (
				ACF5440221CBB834004F9263 /* Debug */,
				ACF5440321CBB834004F9263 /* Release */,
			);
			defaultConfigurationIsVisible = 0;
			defaultConfigurationName = Release;
		};
		ACF5440421CBB834004F9263 /* Build configuration list for PBXNativeTarget "Weather" */ = {
			isa = XCConfigurationList;
			buildConfigurations = (
				ACF5440521CBB834004F9263 /* Debug */,
				ACF5440621CBB834004F9263 /* Release */,
			);
			defaultConfigurationIsVisible = 0;
			defaultConfigurationName = Release;
		};
/* End XCConfigurationList section */

/* Begin XCVersionGroup section */
		ACF543F921CBB832004F9263 /* SelectedCity.xcdatamodeld */ = {
			isa = XCVersionGroup;
			children = (
				ACF543FA21CBB832004F9263 /* Weather.xcdatamodel */,
			);
			currentVersion = ACF543FA21CBB832004F9263 /* Weather.xcdatamodel */;
			path = SelectedCity.xcdatamodeld;
			sourceTree = "<group>";
			versionGroupType = wrapper.xcdatamodel;
		};
/* End XCVersionGroup section */
	};
	rootObject = ACF543E721CBB832004F9263 /* Project object */;
}
